
Microsoft Visual Studio Solution File, Format Version 12.00
# Visual Studio Version 17
VisualStudioVersion = 17.8.34511.84
MinimumVisualStudioVersion = 10.0.40219.1
Project("{2150E333-8FDC-42A3-9474-1A3956D46DE8}") = "App", "App", "{05A0C516-46BF-435C-B446-CC5DD2874FFF}"
EndProject
Project("{9A19103F-16F7-4668-BE54-9A1E7A4F7556}") = "Voolt-Test-Project", "Voolt-Test-Project.csproj", "{0779A945-4284-4CF1-A13F-D11E8DE285C9}"
EndProject
Project("{2150E333-8FDC-42A3-9474-1A3956D46DE8}") = "Core", "Core", "{E571402F-A40E-4274-B083-57DF333469C0}"
EndProject
Project("{9A19103F-16F7-4668-BE54-9A1E7A4F7556}") = "Domain", "..\..\..\Core\Domain\Domain.csproj", "{C6073426-4E48-4F41-B0BC-EC720FA569DE}"
EndProject
Project("{9A19103F-16F7-4668-BE54-9A1E7A4F7556}") = "Repository", "..\..\..\Core\Repository\Repository.csproj", "{B6D84222-F6A2-4249-8278-4ABCC40EAD8E}"
EndProject
Project("{9A19103F-16F7-4668-BE54-9A1E7A4F7556}") = "Domain", "..\..\Domain\Domain.csproj", "{C6CB0F55-4281-4C51-9F11-4A5A6647B818}"
EndProject
Project("{FAE04EC0-301F-11D3-BF4B-00C04F79EFBC}") = "Repository", "..\..\Repository\Repository.csproj", "{8DA7AEC9-17F0-4C1F-86BB-DA71F8607C52}"
EndProject
Global
	GlobalSection(SolutionConfigurationPlatforms) = preSolution
		Debug|Any CPU = Debug|Any CPU
		Release|Any CPU = Release|Any CPU
	EndGlobalSection
	GlobalSection(ProjectConfigurationPlatforms) = postSolution
		{0779A945-4284-4CF1-A13F-D11E8DE285C9}.Debug|Any CPU.ActiveCfg = Debug|Any CPU
		{0779A945-4284-4CF1-A13F-D11E8DE285C9}.Debug|Any CPU.Build.0 = Debug|Any CPU
		{0779A945-4284-4CF1-A13F-D11E8DE285C9}.Release|Any CPU.ActiveCfg = Release|Any CPU
		{0779A945-4284-4CF1-A13F-D11E8DE285C9}.Release|Any CPU.Build.0 = Release|Any CPU
		{C6073426-4E48-4F41-B0BC-EC720FA569DE}.Debug|Any CPU.ActiveCfg = Debug|Any CPU
		{C6073426-4E48-4F41-B0BC-EC720FA569DE}.Debug|Any CPU.Build.0 = Debug|Any CPU
		{C6073426-4E48-4F41-B0BC-EC720FA569DE}.Release|Any CPU.ActiveCfg = Release|Any CPU
		{C6073426-4E48-4F41-B0BC-EC720FA569DE}.Release|Any CPU.Build.0 = Release|Any CPU
		{B6D84222-F6A2-4249-8278-4ABCC40EAD8E}.Debug|Any CPU.ActiveCfg = Debug|Any CPU
		{B6D84222-F6A2-4249-8278-4ABCC40EAD8E}.Debug|Any CPU.Build.0 = Debug|Any CPU
		{B6D84222-F6A2-4249-8278-4ABCC40EAD8E}.Release|Any CPU.ActiveCfg = Release|Any CPU
		{B6D84222-F6A2-4249-8278-4ABCC40EAD8E}.Release|Any CPU.Build.0 = Release|Any CPU
		{C6CB0F55-4281-4C51-9F11-4A5A6647B818}.Debug|Any CPU.ActiveCfg = Debug|Any CPU
		{C6CB0F55-4281-4C51-9F11-4A5A6647B818}.Debug|Any CPU.Build.0 = Debug|Any CPU
		{C6CB0F55-4281-4C51-9F11-4A5A6647B818}.Release|Any CPU.ActiveCfg = Release|Any CPU
		{C6CB0F55-4281-4C51-9F11-4A5A6647B818}.Release|Any CPU.Build.0 = Release|Any CPU
		{8DA7AEC9-17F0-4C1F-86BB-DA71F8607C52}.Debug|Any CPU.ActiveCfg = Debug|Any CPU
		{8DA7AEC9-17F0-4C1F-86BB-DA71F8607C52}.Debug|Any CPU.Build.0 = Debug|Any CPU
		{8DA7AEC9-17F0-4C1F-86BB-DA71F8607C52}.Release|Any CPU.ActiveCfg = Release|Any CPU
		{8DA7AEC9-17F0-4C1F-86BB-DA71F8607C52}.Release|Any CPU.Build.0 = Release|Any CPU
	EndGlobalSection
	GlobalSection(SolutionProperties) = preSolution
		HideSolutionNode = FALSE
	EndGlobalSection
	GlobalSection(NestedProjects) = preSolution
		{0779A945-4284-4CF1-A13F-D11E8DE285C9} = {05A0C516-46BF-435C-B446-CC5DD2874FFF}
		{C6073426-4E48-4F41-B0BC-EC720FA569DE} = {E571402F-A40E-4274-B083-57DF333469C0}
		{B6D84222-F6A2-4249-8278-4ABCC40EAD8E} = {E571402F-A40E-4274-B083-57DF333469C0}
		{C6CB0F55-4281-4C51-9F11-4A5A6647B818} = {05A0C516-46BF-435C-B446-CC5DD2874FFF}
		{8DA7AEC9-17F0-4C1F-86BB-DA71F8607C52} = {05A0C516-46BF-435C-B446-CC5DD2874FFF}
	EndGlobalSection
	GlobalSection(ExtensibilityGlobals) = postSolution
		SolutionGuid = {A2BA74AA-C461-45EF-88FF-8CF0E98D4A04}
	EndGlobalSection
EndGlobal
